{
  "version": 4,
  "terraform_version": "1.13.1",
  "serial": 33,
  "lineage": "330f3fdf-1769-961d-3e64-71bac630e4fe",
  "outputs": {
    "mongodb_external_ip": {
      "value": "35.232.68.156",
      "type": "string"
    },
    "service_url": {
      "value": null,
      "type": "string"
    }
  },
  "resources": [
    {
      "mode": "data",
      "type": "google_compute_network",
      "name": "vpc_network",
      "provider": "provider[\"registry.terraform.io/hashicorp/google\"]",
      "instances": [
        {
          "schema_version": 0,
          "attributes": {
            "description": "",
            "gateway_ipv4": "",
            "id": "projects/ai-credit-product/global/networks/billing-discounts-api-vpc-1de33de5",
            "name": "billing-discounts-api-vpc-1de33de5",
            "project": null,
            "self_link": "https://www.googleapis.com/compute/v1/projects/ai-credit-product/global/networks/billing-discounts-api-vpc-1de33de5",
            "subnetworks_self_links": [
              "https://www.googleapis.com/compute/v1/projects/ai-credit-product/regions/us-east4/subnetworks/billing-discounts-api-vpc-1de33de5",
              "https://www.googleapis.com/compute/v1/projects/ai-credit-product/regions/europe-west2/subnetworks/billing-discounts-api-vpc-1de33de5",
              "https://www.googleapis.com/compute/v1/projects/ai-credit-product/regions/southamerica-west1/subnetworks/billing-discounts-api-vpc-1de33de5",
              "https://www.googleapis.com/compute/v1/projects/ai-credit-product/regions/europe-west9/subnetworks/billing-discounts-api-vpc-1de33de5",
              "https://www.googleapis.com/compute/v1/projects/ai-credit-product/regions/europe-southwest1/subnetworks/billing-discounts-api-vpc-1de33de5",
              "https://www.googleapis.com/compute/v1/projects/ai-credit-product/regions/us-west3/subnetworks/billing-discounts-api-vpc-1de33de5",
              "https://www.googleapis.com/compute/v1/projects/ai-credit-product/regions/australia-southeast2/subnetworks/billing-discounts-api-vpc-1de33de5",
              "https://www.googleapis.com/compute/v1/projects/ai-credit-product/regions/europe-west12/subnetworks/billing-discounts-api-vpc-1de33de5",
              "https://www.googleapis.com/compute/v1/projects/ai-credit-product/regions/australia-southeast1/subnetworks/billing-discounts-api-vpc-1de33de5",
              "https://www.googleapis.com/compute/v1/projects/ai-credit-product/regions/asia-northeast2/subnetworks/billing-discounts-api-vpc-1de33de5",
              "https://www.googleapis.com/compute/v1/projects/ai-credit-product/regions/asia-south2/subnetworks/billing-discounts-api-vpc-1de33de5",
              "https://www.googleapis.com/compute/v1/projects/ai-credit-product/regions/us-central1/subnetworks/billing-discounts-api-vpc-1de33de5",
              "https://www.googleapis.com/compute/v1/projects/ai-credit-product/regions/us-west4/subnetworks/billing-discounts-api-vpc-1de33de5",
              "https://www.googleapis.com/compute/v1/projects/ai-credit-product/regions/europe-central2/subnetworks/billing-discounts-api-vpc-1de33de5",
              "https://www.googleapis.com/compute/v1/projects/ai-credit-product/regions/europe-west10/subnetworks/billing-discounts-api-vpc-1de33de5",
              "https://www.googleapis.com/compute/v1/projects/ai-credit-product/regions/europe-west8/subnetworks/billing-discounts-api-vpc-1de33de5",
              "https://www.googleapis.com/compute/v1/projects/ai-credit-product/regions/asia-southeast1/subnetworks/billing-discounts-api-vpc-1de33de5",
              "https://www.googleapis.com/compute/v1/projects/ai-credit-product/regions/us-east5/subnetworks/billing-discounts-api-vpc-1de33de5",
              "https://www.googleapis.com/compute/v1/projects/ai-credit-product/regions/europe-west1/subnetworks/billing-discounts-api-vpc-1de33de5",
              "https://www.googleapis.com/compute/v1/projects/ai-credit-product/regions/us-east1/subnetworks/billing-discounts-api-vpc-1de33de5",
              "https://www.googleapis.com/compute/v1/projects/ai-credit-product/regions/me-west1/subnetworks/billing-discounts-api-vpc-1de33de5",
              "https://www.googleapis.com/compute/v1/projects/ai-credit-product/regions/europe-west3/subnetworks/billing-discounts-api-vpc-1de33de5",
              "https://www.googleapis.com/compute/v1/projects/ai-credit-product/regions/africa-south1/subnetworks/billing-discounts-api-vpc-1de33de5",
              "https://www.googleapis.com/compute/v1/projects/ai-credit-product/regions/asia-east1/subnetworks/billing-discounts-api-vpc-1de33de5",
              "https://www.googleapis.com/compute/v1/projects/ai-credit-product/regions/us-west1/subnetworks/billing-discounts-api-vpc-1de33de5",
              "https://www.googleapis.com/compute/v1/projects/ai-credit-product/regions/us-west2/subnetworks/billing-discounts-api-vpc-1de33de5",
              "https://www.googleapis.com/compute/v1/projects/ai-credit-product/regions/asia-northeast3/subnetworks/billing-discounts-api-vpc-1de33de5",
              "https://www.googleapis.com/compute/v1/projects/ai-credit-product/regions/europe-west4/subnetworks/billing-discounts-api-vpc-1de33de5",
              "https://www.googleapis.com/compute/v1/projects/ai-credit-product/regions/europe-north1/subnetworks/billing-discounts-api-vpc-1de33de5",
              "https://www.googleapis.com/compute/v1/projects/ai-credit-product/regions/me-central1/subnetworks/billing-discounts-api-vpc-1de33de5",
              "https://www.googleapis.com/compute/v1/projects/ai-credit-product/regions/asia-south1/subnetworks/billing-discounts-api-vpc-1de33de5",
              "https://www.googleapis.com/compute/v1/projects/ai-credit-product/regions/me-central2/subnetworks/billing-discounts-api-vpc-1de33de5",
              "https://www.googleapis.com/compute/v1/projects/ai-credit-product/regions/europe-north2/subnetworks/billing-discounts-api-vpc-1de33de5",
              "https://www.googleapis.com/compute/v1/projects/ai-credit-product/regions/asia-east2/subnetworks/billing-discounts-api-vpc-1de33de5",
              "https://www.googleapis.com/compute/v1/projects/ai-credit-product/regions/asia-southeast2/subnetworks/billing-discounts-api-vpc-1de33de5",
              "https://www.googleapis.com/compute/v1/projects/ai-credit-product/regions/europe-west6/subnetworks/billing-discounts-api-vpc-1de33de5",
              "https://www.googleapis.com/compute/v1/projects/ai-credit-product/regions/northamerica-northeast1/subnetworks/billing-discounts-api-vpc-1de33de5",
              "https://www.googleapis.com/compute/v1/projects/ai-credit-product/regions/northamerica-northeast2/subnetworks/billing-discounts-api-vpc-1de33de5",
              "https://www.googleapis.com/compute/v1/projects/ai-credit-product/regions/asia-northeast1/subnetworks/billing-discounts-api-vpc-1de33de5",
              "https://www.googleapis.com/compute/v1/projects/ai-credit-product/regions/southamerica-east1/subnetworks/billing-discounts-api-vpc-1de33de5",
              "https://www.googleapis.com/compute/v1/projects/ai-credit-product/regions/northamerica-south1/subnetworks/billing-discounts-api-vpc-1de33de5",
              "https://www.googleapis.com/compute/v1/projects/ai-credit-product/regions/us-south1/subnetworks/billing-discounts-api-vpc-1de33de5"
            ]
          },
          "sensitive_attributes": [],
          "identity_schema_version": 0
        }
      ]
    },
    {
      "mode": "managed",
      "type": "google_compute_firewall",
      "name": "mongo_firewall",
      "provider": "provider[\"registry.terraform.io/hashicorp/google\"]",
      "instances": [
        {
          "schema_version": 1,
          "attributes": {
            "allow": [
              {
                "ports": [
                  "27017"
                ],
                "protocol": "tcp"
              }
            ],
            "creation_timestamp": "2025-08-31T17:03:19.795-07:00",
            "deny": [],
            "description": "",
            "destination_ranges": [],
            "direction": "INGRESS",
            "disabled": false,
            "enable_logging": null,
            "id": "projects/ai-credit-product/global/firewalls/billing-discounts-api-mongo-firewall",
            "log_config": [],
            "name": "billing-discounts-api-mongo-firewall",
            "network": "https://www.googleapis.com/compute/v1/projects/ai-credit-product/global/networks/billing-discounts-api-vpc-1de33de5",
            "priority": 1000,
            "project": "ai-credit-product",
            "self_link": "https://www.googleapis.com/compute/v1/projects/ai-credit-product/global/firewalls/billing-discounts-api-mongo-firewall",
            "source_ranges": [
              "0.0.0.0/0"
            ],
            "source_service_accounts": [],
            "source_tags": [],
            "target_service_accounts": [],
            "target_tags": [],
            "timeouts": {
              "create": null,
              "delete": null,
              "update": null
            }
          },
          "sensitive_attributes": [],
          "identity_schema_version": 0,
          "private": "eyJlMmJmYjczMC1lY2FhLTExZTYtOGY4OC0zNDM2M2JjN2M0YzAiOnsiY3JlYXRlIjoxMjAwMDAwMDAwMDAwLCJkZWxldGUiOjEyMDAwMDAwMDAwMDAsInVwZGF0ZSI6MTIwMDAwMDAwMDAwMH0sInNjaGVtYV92ZXJzaW9uIjoiMSJ9",
          "dependencies": [
            "data.google_compute_network.vpc_network"
          ]
        }
      ]
    },
    {
      "mode": "managed",
      "type": "google_compute_instance",
      "name": "mongodb",
      "provider": "provider[\"registry.terraform.io/hashicorp/google\"]",
      "instances": [
        {
          "schema_version": 6,
          "attributes": {
            "advanced_machine_features": [],
            "allow_stopping_for_update": null,
            "attached_disk": [
              {
                "device_name": "mongodb-data",
                "disk_encryption_key_raw": "",
                "disk_encryption_key_sha256": "",
                "kms_key_self_link": "",
                "mode": "READ_WRITE",
                "source": "https://www.googleapis.com/compute/v1/projects/ai-credit-product/zones/us-central1-a/disks/billing-discounts-api-mongodb-data"
              }
            ],
            "boot_disk": [
              {
                "auto_delete": true,
                "device_name": "persistent-disk-0",
                "disk_encryption_key_raw": "",
                "disk_encryption_key_sha256": "",
                "initialize_params": [
                  {
                    "image": "https://www.googleapis.com/compute/v1/projects/debian-cloud/global/images/debian-11-bullseye-v20250812",
                    "labels": {},
                    "resource_manager_tags": {},
                    "size": 10,
                    "type": "pd-standard"
                  }
                ],
                "kms_key_self_link": "",
                "mode": "READ_WRITE",
                "source": "https://www.googleapis.com/compute/v1/projects/ai-credit-product/zones/us-central1-a/disks/billing-discounts-api-mongodb-vm"
              }
            ],
            "can_ip_forward": false,
            "confidential_instance_config": [],
            "cpu_platform": "Intel Broadwell",
            "current_status": "RUNNING",
            "deletion_protection": false,
            "description": "",
            "desired_status": null,
            "enable_display": false,
            "guest_accelerator": [],
            "hostname": "",
            "id": "projects/ai-credit-product/zones/us-central1-a/instances/billing-discounts-api-mongodb-vm",
            "instance_id": "5686548273600974099",
            "label_fingerprint": "42WmSpB8rSM=",
            "labels": {},
            "machine_type": "e2-micro",
            "metadata": {
              "startup-script": "#!/bin/bash\necho \"Setting up MongoDB on VM...\"\n\nif ! command -v docker \u0026\u003e /dev/null; then\n    sudo apt-get update\n    sudo apt-get install -y apt-transport-https ca-certificates curl gnupg2 software-properties-common\n    curl -fsSL https://download.docker.com/linux/debian/gpg | sudo apt-key add -\n    sudo add-apt-repository \"deb [arch=amd64] https://download.docker.com/linux/debian $(lsb_release -cs) stable\"\n    sudo apt-get update\n    sudo apt-get install -y docker-ce\nfi\n\nsudo mkfs.ext4 -F /dev/disk/by-id/google-mongodb-data\nsudo mkdir -p /data/db\nsudo mount /dev/disk/by-id/google-mongodb-data /data/db\necho '/dev/disk/by-id/google-mongodb-data /data/db ext4 defaults 0 0' | sudo tee -a /etc/fstab\nsudo chown -R 999:999 /data/db\n\nsudo docker stop mongodb || true\nsudo docker rm mongodb || true\n\nsudo docker run -d -p 27017:27017 --name mongodb -v /data/db:/data/db mongo:5.0\n\necho \"MongoDB setup completed\""
            },
            "metadata_fingerprint": "SlMKYWVeyOQ=",
            "metadata_startup_script": null,
            "min_cpu_platform": "",
            "name": "billing-discounts-api-mongodb-vm",
            "network_interface": [
              {
                "access_config": [
                  {
                    "nat_ip": "35.232.68.156",
                    "network_tier": "PREMIUM",
                    "public_ptr_domain_name": ""
                  }
                ],
                "alias_ip_range": [],
                "internal_ipv6_prefix_length": 0,
                "ipv6_access_config": [],
                "ipv6_access_type": "",
                "ipv6_address": "",
                "name": "nic0",
                "network": "https://www.googleapis.com/compute/v1/projects/ai-credit-product/global/networks/billing-discounts-api-vpc-1de33de5",
                "network_ip": "10.128.0.13",
                "nic_type": "",
                "queue_count": 0,
                "stack_type": "IPV4_ONLY",
                "subnetwork": "https://www.googleapis.com/compute/v1/projects/ai-credit-product/regions/us-central1/subnetworks/billing-discounts-api-vpc-1de33de5",
                "subnetwork_project": "ai-credit-product"
              }
            ],
            "network_performance_config": [],
            "params": [],
            "project": "ai-credit-product",
            "reservation_affinity": [],
            "resource_policies": [],
            "scheduling": [
              {
                "automatic_restart": true,
                "instance_termination_action": "",
                "local_ssd_recovery_timeout": [],
                "min_node_cpus": 0,
                "node_affinities": [],
                "on_host_maintenance": "MIGRATE",
                "preemptible": false,
                "provisioning_model": "STANDARD"
              }
            ],
            "scratch_disk": [],
            "self_link": "https://www.googleapis.com/compute/v1/projects/ai-credit-product/zones/us-central1-a/instances/billing-discounts-api-mongodb-vm",
            "service_account": [],
            "shielded_instance_config": [
              {
                "enable_integrity_monitoring": true,
                "enable_secure_boot": false,
                "enable_vtpm": true
              }
            ],
            "tags": [
              "mongodb"
            ],
            "tags_fingerprint": "unDUUT8-8-A=",
            "timeouts": {
              "create": null,
              "delete": null,
              "update": null
            },
            "zone": "us-central1-a"
          },
          "sensitive_attributes": [
            [
              {
                "type": "get_attr",
                "value": "attached_disk"
              },
              {
                "type": "index",
                "value": {
                  "value": 0,
                  "type": "number"
                }
              },
              {
                "type": "get_attr",
                "value": "disk_encryption_key_raw"
              }
            ],
            [
              {
                "type": "get_attr",
                "value": "boot_disk"
              },
              {
                "type": "index",
                "value": {
                  "value": 0,
                  "type": "number"
                }
              },
              {
                "type": "get_attr",
                "value": "disk_encryption_key_raw"
              }
            ]
          ],
          "identity_schema_version": 0,
          "private": "eyJlMmJmYjczMC1lY2FhLTExZTYtOGY4OC0zNDM2M2JjN2M0YzAiOnsiY3JlYXRlIjoxMjAwMDAwMDAwMDAwLCJkZWxldGUiOjEyMDAwMDAwMDAwMDAsInVwZGF0ZSI6MTIwMDAwMDAwMDAwMH0sInNjaGVtYV92ZXJzaW9uIjoiNiJ9",
          "dependencies": [
            "data.google_compute_network.vpc_network",
            "google_compute_disk.mongodb_data"
          ]
        }
      ]
    },
    {
      "mode": "managed",
      "type": "google_project_service",
      "name": "required_apis",
      "provider": "provider[\"registry.terraform.io/hashicorp/google\"]",
      "instances": [
        {
          "index_key": "artifactregistry.googleapis.com",
          "schema_version": 0,
          "attributes": {
            "disable_dependent_services": null,
            "disable_on_destroy": true,
            "id": "ai-credit-product/artifactregistry.googleapis.com",
            "project": "ai-credit-product",
            "service": "artifactregistry.googleapis.com",
            "timeouts": null
          },
          "sensitive_attributes": [],
          "identity_schema_version": 0,
          "private": "eyJlMmJmYjczMC1lY2FhLTExZTYtOGY4OC0zNDM2M2JjN2M0YzAiOnsiY3JlYXRlIjoxMjAwMDAwMDAwMDAwLCJkZWxldGUiOjEyMDAwMDAwMDAwMDAsInJlYWQiOjYwMDAwMDAwMDAwMCwidXBkYXRlIjoxMjAwMDAwMDAwMDAwfX0="
        },
        {
          "index_key": "compute.googleapis.com",
          "schema_version": 0,
          "attributes": {
            "disable_dependent_services": null,
            "disable_on_destroy": true,
            "id": "ai-credit-product/compute.googleapis.com",
            "project": "ai-credit-product",
            "service": "compute.googleapis.com",
            "timeouts": null
          },
          "sensitive_attributes": [],
          "identity_schema_version": 0,
          "private": "eyJlMmJmYjczMC1lY2FhLTExZTYtOGY4OC0zNDM2M2JjN2M0YzAiOnsiY3JlYXRlIjoxMjAwMDAwMDAwMDAwLCJkZWxldGUiOjEyMDAwMDAwMDAwMDAsInJlYWQiOjYwMDAwMDAwMDAwMCwidXBkYXRlIjoxMjAwMDAwMDAwMDAwfX0="
        },
        {
          "index_key": "run.googleapis.com",
          "schema_version": 0,
          "attributes": {
            "disable_dependent_services": null,
            "disable_on_destroy": true,
            "id": "ai-credit-product/run.googleapis.com",
            "project": "ai-credit-product",
            "service": "run.googleapis.com",
            "timeouts": null
          },
          "sensitive_attributes": [],
          "identity_schema_version": 0,
          "private": "eyJlMmJmYjczMC1lY2FhLTExZTYtOGY4OC0zNDM2M2JjN2M0YzAiOnsiY3JlYXRlIjoxMjAwMDAwMDAwMDAwLCJkZWxldGUiOjEyMDAwMDAwMDAwMDAsInJlYWQiOjYwMDAwMDAwMDAwMCwidXBkYXRlIjoxMjAwMDAwMDAwMDAwfX0="
        }
      ]
    }
  ],
  "check_results": null
}
